
Microsoft Visual Studio Solution File, Format Version 12.00
# Visual Studio 2013
VisualStudioVersion = 12.0.31101.0
MinimumVisualStudioVersion = 10.0.40219.1
Project("{FAE04EC0-301F-11D3-BF4B-00C04F79EFBC}") = "SystemMock", "SystemMock\SystemMock.csproj", "{73CC4ECF-E751-4416-9976-CC88F59F0DAB}"
EndProject
Project("{FAE04EC0-301F-11D3-BF4B-00C04F79EFBC}") = "SystemMock.Tests", "SystemMock.Tests\SystemMock.Tests.csproj", "{489C83CE-1D90-4E0B-93BF-630EE0888FFF}"
EndProject
Project("{2150E333-8FDC-42A3-9474-1A3956D46DE8}") = ".nuget", ".nuget", "{2C22B504-66DD-4462-A599-F52AAB14D431}"
	ProjectSection(SolutionItems) = preProject
		.nuget\NuGet.Config = .nuget\NuGet.Config
		.nuget\NuGet.exe = .nuget\NuGet.exe
		.nuget\NuGet.targets = .nuget\NuGet.targets
	EndProjectSection
EndProject
Project("{2150E333-8FDC-42A3-9474-1A3956D46DE8}") = "Build", "Build", "{6C5A30FE-DD2C-41DE-9196-4600C43782E3}"
	ProjectSection(SolutionItems) = preProject
		Build\SystemMock.snk = Build\SystemMock.snk
	EndProjectSection
EndProject
Global
	GlobalSection(CodealikeProperties) = postSolution
		SolutionGuid = ba6c3df0-2f37-4afc-a2e6-4c4fa6c53b37
	EndGlobalSection
	GlobalSection(SolutionConfigurationPlatforms) = preSolution
		Debug|Any CPU = Debug|Any CPU
		Release|Any CPU = Release|Any CPU
	EndGlobalSection
	GlobalSection(ProjectConfigurationPlatforms) = postSolution
		{73CC4ECF-E751-4416-9976-CC88F59F0DAB}.Debug|Any CPU.ActiveCfg = Debug|Any CPU
		{73CC4ECF-E751-4416-9976-CC88F59F0DAB}.Debug|Any CPU.Build.0 = Debug|Any CPU
		{73CC4ECF-E751-4416-9976-CC88F59F0DAB}.Release|Any CPU.ActiveCfg = Release 4.5|Any CPU
		{73CC4ECF-E751-4416-9976-CC88F59F0DAB}.Release|Any CPU.Build.0 = Release 4.5|Any CPU
		{489C83CE-1D90-4E0B-93BF-630EE0888FFF}.Debug|Any CPU.ActiveCfg = Debug|Any CPU
		{489C83CE-1D90-4E0B-93BF-630EE0888FFF}.Debug|Any CPU.Build.0 = Debug|Any CPU
		{489C83CE-1D90-4E0B-93BF-630EE0888FFF}.Release|Any CPU.ActiveCfg = Release|Any CPU
		{489C83CE-1D90-4E0B-93BF-630EE0888FFF}.Release|Any CPU.Build.0 = Release|Any CPU
	EndGlobalSection
	GlobalSection(SolutionProperties) = preSolution
		HideSolutionNode = FALSE
	EndGlobalSection
EndGlobal
